
Microsoft Visual Studio Solution File, Format Version 12.00
# Visual Studio Version 17
VisualStudioVersion = 17.10.35027.167
MinimumVisualStudioVersion = 10.0.40219.1
Project("{FAE04EC0-301F-11D3-BF4B-00C04F79EFBC}") = "DocsCloneApi", "DocsCloneApi\DocsCloneApi.csproj", "{9EE9A404-7A74-4B7F-AEF6-2DAFF54D2733}"
EndProject
Global
	GlobalSection(SolutionConfigurationPlatforms) = preSolution
		Debug|Any CPU = Debug|Any CPU
		Release|Any CPU = Release|Any CPU
	EndGlobalSection
	GlobalSection(ProjectConfigurationPlatforms) = postSolution
		{9EE9A404-7A74-4B7F-AEF6-2DAFF54D2733}.Debug|Any CPU.ActiveCfg = Debug|Any CPU
		{9EE9A404-7A74-4B7F-AEF6-2DAFF54D2733}.Debug|Any CPU.Build.0 = Debug|Any CPU
		{9EE9A404-7A74-4B7F-AEF6-2DAFF54D2733}.Release|Any CPU.ActiveCfg = Release|Any CPU
		{9EE9A404-7A74-4B7F-AEF6-2DAFF54D2733}.Release|Any CPU.Build.0 = Release|Any CPU
	EndGlobalSection
	GlobalSection(SolutionProperties) = preSolution
		HideSolutionNode = FALSE
	EndGlobalSection
	GlobalSection(ExtensibilityGlobals) = postSolution
		SolutionGuid = {90EBFB4F-B5D7-4234-9BC0-D9A8844BF1ED}
	EndGlobalSection
EndGlobal
